
Microsoft Visual Studio Solution File, Format Version 12.00
# Visual Studio Version 16
VisualStudioVersion = 16.0.31829.152
MinimumVisualStudioVersion = 10.0.40219.1
Project("{FAE04EC0-301F-11D3-BF4B-00C04F79EFBC}") = "StoreApp", "StoreApp\StoreApp.csproj", "{10359603-7578-4965-860C-DF2EBF939C48}"
EndProject
Global
	GlobalSection(SolutionConfigurationPlatforms) = preSolution
		Debug|Any CPU = Debug|Any CPU
		Release|Any CPU = Release|Any CPU
	EndGlobalSection
	GlobalSection(ProjectConfigurationPlatforms) = postSolution
		{10359603-7578-4965-860C-DF2EBF939C48}.Debug|Any CPU.ActiveCfg = Debug|Any CPU
		{10359603-7578-4965-860C-DF2EBF939C48}.Debug|Any CPU.Build.0 = Debug|Any CPU
		{10359603-7578-4965-860C-DF2EBF939C48}.Release|Any CPU.ActiveCfg = Release|Any CPU
		{10359603-7578-4965-860C-DF2EBF939C48}.Release|Any CPU.Build.0 = Release|Any CPU
	EndGlobalSection
	GlobalSection(SolutionProperties) = preSolution
		HideSolutionNode = FALSE
	EndGlobalSection
	GlobalSection(ExtensibilityGlobals) = postSolution
		SolutionGuid = {B236F4F8-9C58-4500-A085-14F6EC79FD06}
	EndGlobalSection
EndGlobal
